
Microsoft Visual Studio Solution File, Format Version 11.00
# Visual Studio 2010
Project("{FAE04EC0-301F-11D3-BF4B-00C04F79EFBC}") = "SimplePassword.Tests", "SimplePassword.Tests\SimplePassword.Tests.csproj", "{936FB831-A1DB-4F99-AD49-5121BD0D8395}"
EndProject
Project("{FAE04EC0-301F-11D3-BF4B-00C04F79EFBC}") = "SimplePassword", "SimplePassword\SimplePassword.csproj", "{32A29F85-6E71-4235-B432-0202FC5E56FA}"
EndProject
Global
	GlobalSection(SolutionConfigurationPlatforms) = preSolution
		Debug|Any CPU = Debug|Any CPU
		Release|Any CPU = Release|Any CPU
	EndGlobalSection
	GlobalSection(ProjectConfigurationPlatforms) = postSolution
		{936FB831-A1DB-4F99-AD49-5121BD0D8395}.Debug|Any CPU.ActiveCfg = Debug|Any CPU
		{936FB831-A1DB-4F99-AD49-5121BD0D8395}.Debug|Any CPU.Build.0 = Debug|Any CPU
		{936FB831-A1DB-4F99-AD49-5121BD0D8395}.Release|Any CPU.ActiveCfg = Release|Any CPU
		{936FB831-A1DB-4F99-AD49-5121BD0D8395}.Release|Any CPU.Build.0 = Release|Any CPU
		{32A29F85-6E71-4235-B432-0202FC5E56FA}.Debug|Any CPU.ActiveCfg = Debug|Any CPU
		{32A29F85-6E71-4235-B432-0202FC5E56FA}.Debug|Any CPU.Build.0 = Debug|Any CPU
		{32A29F85-6E71-4235-B432-0202FC5E56FA}.Release|Any CPU.ActiveCfg = Release|Any CPU
		{32A29F85-6E71-4235-B432-0202FC5E56FA}.Release|Any CPU.Build.0 = Release|Any CPU
	EndGlobalSection
	GlobalSection(SolutionProperties) = preSolution
		HideSolutionNode = FALSE
	EndGlobalSection
EndGlobal
